
Microsoft Visual Studio Solution File, Format Version 11.00
# Visual Studio 2010
Project("{8BC9CEB8-8B4A-11D0-8D11-00A0C91BC942}") = "EasyPickDLL", "EasyPickDLL\EasyPickDLL.vcxproj", "{812F24F2-56A1-4F71-8E7F-C744EBCF08C5}"
EndProject
Project("{8BC9CEB8-8B4A-11D0-8D11-00A0C91BC942}") = "easyPick", "..\easyPick\easyPick\easyPick.vcxproj", "{36CE3266-180E-4F1B-A0DC-9ACBB21DE678}"
EndProject
Global
	GlobalSection(SolutionConfigurationPlatforms) = preSolution
		Debug|Mixed Platforms = Debug|Mixed Platforms
		Debug|Win32 = Debug|Win32
		Debug|x86 = Debug|x86
		Release|Mixed Platforms = Release|Mixed Platforms
		Release|Win32 = Release|Win32
		Release|x86 = Release|x86
	EndGlobalSection
	GlobalSection(ProjectConfigurationPlatforms) = postSolution
		{812F24F2-56A1-4F71-8E7F-C744EBCF08C5}.Debug|Mixed Platforms.ActiveCfg = Debug|Win32
		{812F24F2-56A1-4F71-8E7F-C744EBCF08C5}.Debug|Mixed Platforms.Build.0 = Debug|Win32
		{812F24F2-56A1-4F71-8E7F-C744EBCF08C5}.Debug|Win32.ActiveCfg = Debug|Win32
		{812F24F2-56A1-4F71-8E7F-C744EBCF08C5}.Debug|Win32.Build.0 = Debug|Win32
		{812F24F2-56A1-4F71-8E7F-C744EBCF08C5}.Debug|x86.ActiveCfg = Debug|Win32
		{812F24F2-56A1-4F71-8E7F-C744EBCF08C5}.Release|Mixed Platforms.ActiveCfg = Release|Win32
		{812F24F2-56A1-4F71-8E7F-C744EBCF08C5}.Release|Mixed Platforms.Build.0 = Release|Win32
		{812F24F2-56A1-4F71-8E7F-C744EBCF08C5}.Release|Win32.ActiveCfg = Release|Win32
		{812F24F2-56A1-4F71-8E7F-C744EBCF08C5}.Release|Win32.Build.0 = Release|Win32
		{812F24F2-56A1-4F71-8E7F-C744EBCF08C5}.Release|x86.ActiveCfg = Release|Win32
		{36CE3266-180E-4F1B-A0DC-9ACBB21DE678}.Debug|Mixed Platforms.ActiveCfg = Debug|Win32
		{36CE3266-180E-4F1B-A0DC-9ACBB21DE678}.Debug|Mixed Platforms.Build.0 = Debug|Win32
		{36CE3266-180E-4F1B-A0DC-9ACBB21DE678}.Debug|Win32.ActiveCfg = Debug|Win32
		{36CE3266-180E-4F1B-A0DC-9ACBB21DE678}.Debug|Win32.Build.0 = Debug|Win32
		{36CE3266-180E-4F1B-A0DC-9ACBB21DE678}.Debug|x86.ActiveCfg = Debug|Win32
		{36CE3266-180E-4F1B-A0DC-9ACBB21DE678}.Release|Mixed Platforms.ActiveCfg = Release|Win32
		{36CE3266-180E-4F1B-A0DC-9ACBB21DE678}.Release|Mixed Platforms.Build.0 = Release|Win32
		{36CE3266-180E-4F1B-A0DC-9ACBB21DE678}.Release|Win32.ActiveCfg = Release|Win32
		{36CE3266-180E-4F1B-A0DC-9ACBB21DE678}.Release|Win32.Build.0 = Release|Win32
		{36CE3266-180E-4F1B-A0DC-9ACBB21DE678}.Release|x86.ActiveCfg = Release|Win32
	EndGlobalSection
	GlobalSection(SolutionProperties) = preSolution
		HideSolutionNode = FALSE
	EndGlobalSection
EndGlobal
